
Microsoft Visual Studio Solution File, Format Version 12.00
# Visual Studio 15
VisualStudioVersion = 15.0.28010.2036
MinimumVisualStudioVersion = 10.0.40219.1
Project("{FAE04EC0-301F-11D3-BF4B-00C04F79EFBC}") = "GitHubWebProject", "GitHubWebProject\GitHubWebProject.csproj", "{AF18D6E7-7F68-4626-BD76-022D5756FB31}"
EndProject
Global
	GlobalSection(SolutionConfigurationPlatforms) = preSolution
		Debug|Any CPU = Debug|Any CPU
		Release|Any CPU = Release|Any CPU
	EndGlobalSection
	GlobalSection(ProjectConfigurationPlatforms) = postSolution
		{AF18D6E7-7F68-4626-BD76-022D5756FB31}.Debug|Any CPU.ActiveCfg = Debug|Any CPU
		{AF18D6E7-7F68-4626-BD76-022D5756FB31}.Debug|Any CPU.Build.0 = Debug|Any CPU
		{AF18D6E7-7F68-4626-BD76-022D5756FB31}.Release|Any CPU.ActiveCfg = Release|Any CPU
		{AF18D6E7-7F68-4626-BD76-022D5756FB31}.Release|Any CPU.Build.0 = Release|Any CPU
	EndGlobalSection
	GlobalSection(SolutionProperties) = preSolution
		HideSolutionNode = FALSE
	EndGlobalSection
	GlobalSection(ExtensibilityGlobals) = postSolution
		SolutionGuid = {F75ED86C-1E6C-424B-940C-D533D64D98E2}
	EndGlobalSection
EndGlobal
